Microsoft Visual Studio Solution File, Format Version 12.00
# Visual Studio Version 16
VisualStudioVersion = 16.0.28729.10
MinimumVisualStudioVersion = 15.0.26124.0
Project("{9A19103F-16F7-4668-BE54-9A1E7A4F7556}") = "Mocklis.Core", "Mocklis.Core\Mocklis.Core.csproj", "{F95ABD71-1B90-4D55-A39E-137432586609}"
EndProject
Project("{9A19103F-16F7-4668-BE54-9A1E7A4F7556}") = "Mocklis.Cli", "Mocklis.Cli\Mocklis.Cli.csproj", "{05839517-8929-47E0-A8E5-3C015DCC3FE5}"
EndProject
Project("{9A19103F-16F7-4668-BE54-9A1E7A4F7556}") = "Mocklis", "Mocklis\Mocklis.csproj", "{FE0597DC-C4E4-4E8D-9935-F616090B9672}"
EndProject
Project("{9A19103F-16F7-4668-BE54-9A1E7A4F7556}") = "Mocklis.Core.Tests", "Mocklis.Core.Tests\Mocklis.Core.Tests.csproj", "{7C9A19F8-166D-493E-9560-249EECF54D32}"
EndProject
Project("{9A19103F-16F7-4668-BE54-9A1E7A4F7556}") = "Mocklis.MockGenerator", "Mocklis.MockGenerator\Mocklis.MockGenerator.csproj", "{F5D8C9AC-02D4-4164-B965-C528E9CEF06D}"
EndProject
Project("{9A19103F-16F7-4668-BE54-9A1E7A4F7556}") = "Mocklis.Experimental", "Mocklis.Experimental\Mocklis.Experimental.csproj", "{E50EAC40-3E55-44C7-B9DE-3F856EAF22B5}"
EndProject
Project("{9A19103F-16F7-4668-BE54-9A1E7A4F7556}") = "Mocklis.Serilog2", "Mocklis.Serilog2\Mocklis.Serilog2.csproj", "{008C5438-917D-4050-9267-3A3D22E13303}"
EndProject
Project("{D954291E-2A0B-460D-934E-DC6B0785DB48}") = "Mocklis.CodeGeneration", "Mocklis.CodeGeneration\Mocklis.CodeGeneration.shproj", "{640710A2-756B-496C-976A-1656690795A7}"
EndProject
Project("{9A19103F-16F7-4668-BE54-9A1E7A4F7556}") = "Mocklis.MockGenerator.Tests", "Mocklis.MockGenerator.Tests\Mocklis.MockGenerator.Tests.csproj", "{A68EB6DA-12D3-4930-B530-C5A1FB2CD0E3}"
EndProject
Project("{9A19103F-16F7-4668-BE54-9A1E7A4F7556}") = "Mocklis.Tests", "Mocklis.Tests\Mocklis.Tests.csproj", "{E2ED57DB-8388-4296-AF57-FB3133474DFF}"
EndProject
Project("{2150E333-8FDC-42A3-9474-1A3956D46DE8}") = "Shared", "Shared", "{D6A5B215-51E9-4A8A-858E-CBA238EDCFCD}"
	ProjectSection(SolutionItems) = preProject
		global.json = global.json
		NuGet.msbuild = NuGet.msbuild
	EndProjectSection
EndProject
Project("{FAE04EC0-301F-11D3-BF4B-00C04F79EFBC}") = "Mocklis.Experimental.Tests", "Mocklis.Experimental.Tests\Mocklis.Experimental.Tests.csproj", "{79BE1D2B-3924-44AE-B1DA-1A970DCC0F95}"
EndProject
Project("{FAE04EC0-301F-11D3-BF4B-00C04F79EFBC}") = "Mocklis.Serilog2.Tests", "Mocklis.Serilog2.Tests\Mocklis.Serilog2.Tests.csproj", "{2585F3E6-FBB6-4D54-B16F-C794029FB217}"
EndProject
Global
	GlobalSection(SharedMSBuildProjectFiles) = preSolution
		Mocklis.CodeGeneration\Mocklis.CodeGeneration.projitems*{640710a2-756b-496c-976a-1656690795a7}*SharedItemsImports = 13
	EndGlobalSection
	GlobalSection(SolutionConfigurationPlatforms) = preSolution
		Debug|Any CPU = Debug|Any CPU
		Debug|x64 = Debug|x64
		Debug|x86 = Debug|x86
		Release|Any CPU = Release|Any CPU
		Release|x64 = Release|x64
		Release|x86 = Release|x86
	EndGlobalSection
	GlobalSection(ProjectConfigurationPlatforms) = postSolution
		{F95ABD71-1B90-4D55-A39E-137432586609}.Debug|Any CPU.ActiveCfg = Debug|Any CPU
		{F95ABD71-1B90-4D55-A39E-137432586609}.Debug|Any CPU.Build.0 = Debug|Any CPU
		{F95ABD71-1B90-4D55-A39E-137432586609}.Debug|x64.ActiveCfg = Debug|Any CPU
		{F95ABD71-1B90-4D55-A39E-137432586609}.Debug|x64.Build.0 = Debug|Any CPU
		{F95ABD71-1B90-4D55-A39E-137432586609}.Debug|x86.ActiveCfg = Debug|Any CPU
		{F95ABD71-1B90-4D55-A39E-137432586609}.Debug|x86.Build.0 = Debug|Any CPU
		{F95ABD71-1B90-4D55-A39E-137432586609}.Release|Any CPU.ActiveCfg = Release|Any CPU
		{F95ABD71-1B90-4D55-A39E-137432586609}.Release|Any CPU.Build.0 = Release|Any CPU
		{F95ABD71-1B90-4D55-A39E-137432586609}.Release|x64.ActiveCfg = Release|Any CPU
		{F95ABD71-1B90-4D55-A39E-137432586609}.Release|x64.Build.0 = Release|Any CPU
		{F95ABD71-1B90-4D55-A39E-137432586609}.Release|x86.ActiveCfg = Release|Any CPU
		{F95ABD71-1B90-4D55-A39E-137432586609}.Release|x86.Build.0 = Release|Any CPU
		{05839517-8929-47E0-A8E5-3C015DCC3FE5}.Debug|Any CPU.ActiveCfg = Debug|Any CPU
		{05839517-8929-47E0-A8E5-3C015DCC3FE5}.Debug|Any CPU.Build.0 = Debug|Any CPU
		{05839517-8929-47E0-A8E5-3C015DCC3FE5}.Debug|x64.ActiveCfg = Debug|Any CPU
		{05839517-8929-47E0-A8E5-3C015DCC3FE5}.Debug|x64.Build.0 = Debug|Any CPU
		{05839517-8929-47E0-A8E5-3C015DCC3FE5}.Debug|x86.ActiveCfg = Debug|Any CPU
		{05839517-8929-47E0-A8E5-3C015DCC3FE5}.Debug|x86.Build.0 = Debug|Any CPU
		{05839517-8929-47E0-A8E5-3C015DCC3FE5}.Release|Any CPU.ActiveCfg = Release|Any CPU
		{05839517-8929-47E0-A8E5-3C015DCC3FE5}.Release|Any CPU.Build.0 = Release|Any CPU
		{05839517-8929-47E0-A8E5-3C015DCC3FE5}.Release|x64.ActiveCfg = Release|Any CPU
		{05839517-8929-47E0-A8E5-3C015DCC3FE5}.Release|x64.Build.0 = Release|Any CPU
		{05839517-8929-47E0-A8E5-3C015DCC3FE5}.Release|x86.ActiveCfg = Release|Any CPU
		{05839517-8929-47E0-A8E5-3C015DCC3FE5}.Release|x86.Build.0 = Release|Any CPU
		{FE0597DC-C4E4-4E8D-9935-F616090B9672}.Debug|Any CPU.ActiveCfg = Debug|Any CPU
		{FE0597DC-C4E4-4E8D-9935-F616090B9672}.Debug|Any CPU.Build.0 = Debug|Any CPU
		{FE0597DC-C4E4-4E8D-9935-F616090B9672}.Debug|x64.ActiveCfg = Debug|Any CPU
		{FE0597DC-C4E4-4E8D-9935-F616090B9672}.Debug|x64.Build.0 = Debug|Any CPU
		{FE0597DC-C4E4-4E8D-9935-F616090B9672}.Debug|x86.ActiveCfg = Debug|Any CPU
		{FE0597DC-C4E4-4E8D-9935-F616090B9672}.Debug|x86.Build.0 = Debug|Any CPU
		{FE0597DC-C4E4-4E8D-9935-F616090B9672}.Release|Any CPU.ActiveCfg = Release|Any CPU
		{FE0597DC-C4E4-4E8D-9935-F616090B9672}.Release|Any CPU.Build.0 = Release|Any CPU
		{FE0597DC-C4E4-4E8D-9935-F616090B9672}.Release|x64.ActiveCfg = Release|Any CPU
		{FE0597DC-C4E4-4E8D-9935-F616090B9672}.Release|x64.Build.0 = Release|Any CPU
		{FE0597DC-C4E4-4E8D-9935-F616090B9672}.Release|x86.ActiveCfg = Release|Any CPU
		{FE0597DC-C4E4-4E8D-9935-F616090B9672}.Release|x86.Build.0 = Release|Any CPU
		{7C9A19F8-166D-493E-9560-249EECF54D32}.Debug|Any CPU.ActiveCfg = Debug|Any CPU
		{7C9A19F8-166D-493E-9560-249EECF54D32}.Debug|Any CPU.Build.0 = Debug|Any CPU
		{7C9A19F8-166D-493E-9560-249EECF54D32}.Debug|x64.ActiveCfg = Debug|Any CPU
		{7C9A19F8-166D-493E-9560-249EECF54D32}.Debug|x64.Build.0 = Debug|Any CPU
		{7C9A19F8-166D-493E-9560-249EECF54D32}.Debug|x86.ActiveCfg = Debug|Any CPU
		{7C9A19F8-166D-493E-9560-249EECF54D32}.Debug|x86.Build.0 = Debug|Any CPU
		{7C9A19F8-166D-493E-9560-249EECF54D32}.Release|Any CPU.ActiveCfg = Release|Any CPU
		{7C9A19F8-166D-493E-9560-249EECF54D32}.Release|Any CPU.Build.0 = Release|Any CPU
		{7C9A19F8-166D-493E-9560-249EECF54D32}.Release|x64.ActiveCfg = Release|Any CPU
		{7C9A19F8-166D-493E-9560-249EECF54D32}.Release|x64.Build.0 = Release|Any CPU
		{7C9A19F8-166D-493E-9560-249EECF54D32}.Release|x86.ActiveCfg = Release|Any CPU
		{7C9A19F8-166D-493E-9560-249EECF54D32}.Release|x86.Build.0 = Release|Any CPU
		{F5D8C9AC-02D4-4164-B965-C528E9CEF06D}.Debug|Any CPU.ActiveCfg = Debug|Any CPU
		{F5D8C9AC-02D4-4164-B965-C528E9CEF06D}.Debug|Any CPU.Build.0 = Debug|Any CPU
		{F5D8C9AC-02D4-4164-B965-C528E9CEF06D}.Debug|x64.ActiveCfg = Debug|Any CPU
		{F5D8C9AC-02D4-4164-B965-C528E9CEF06D}.Debug|x64.Build.0 = Debug|Any CPU
		{F5D8C9AC-02D4-4164-B965-C528E9CEF06D}.Debug|x86.ActiveCfg = Debug|Any CPU
		{F5D8C9AC-02D4-4164-B965-C528E9CEF06D}.Debug|x86.Build.0 = Debug|Any CPU
		{F5D8C9AC-02D4-4164-B965-C528E9CEF06D}.Release|Any CPU.ActiveCfg = Release|Any CPU
		{F5D8C9AC-02D4-4164-B965-C528E9CEF06D}.Release|Any CPU.Build.0 = Release|Any CPU
		{F5D8C9AC-02D4-4164-B965-C528E9CEF06D}.Release|x64.ActiveCfg = Release|Any CPU
		{F5D8C9AC-02D4-4164-B965-C528E9CEF06D}.Release|x64.Build.0 = Release|Any CPU
		{F5D8C9AC-02D4-4164-B965-C528E9CEF06D}.Release|x86.ActiveCfg = Release|Any CPU
		{F5D8C9AC-02D4-4164-B965-C528E9CEF06D}.Release|x86.Build.0 = Release|Any CPU
		{E50EAC40-3E55-44C7-B9DE-3F856EAF22B5}.Debug|Any CPU.ActiveCfg = Debug|Any CPU
		{E50EAC40-3E55-44C7-B9DE-3F856EAF22B5}.Debug|Any CPU.Build.0 = Debug|Any CPU
		{E50EAC40-3E55-44C7-B9DE-3F856EAF22B5}.Debug|x64.ActiveCfg = Debug|Any CPU
		{E50EAC40-3E55-44C7-B9DE-3F856EAF22B5}.Debug|x64.Build.0 = Debug|Any CPU
		{E50EAC40-3E55-44C7-B9DE-3F856EAF22B5}.Debug|x86.ActiveCfg = Debug|Any CPU
		{E50EAC40-3E55-44C7-B9DE-3F856EAF22B5}.Debug|x86.Build.0 = Debug|Any CPU
		{E50EAC40-3E55-44C7-B9DE-3F856EAF22B5}.Release|Any CPU.ActiveCfg = Release|Any CPU
		{E50EAC40-3E55-44C7-B9DE-3F856EAF22B5}.Release|Any CPU.Build.0 = Release|Any CPU
		{E50EAC40-3E55-44C7-B9DE-3F856EAF22B5}.Release|x64.ActiveCfg = Release|Any CPU
		{E50EAC40-3E55-44C7-B9DE-3F856EAF22B5}.Release|x64.Build.0 = Release|Any CPU
		{E50EAC40-3E55-44C7-B9DE-3F856EAF22B5}.Release|x86.ActiveCfg = Release|Any CPU
		{E50EAC40-3E55-44C7-B9DE-3F856EAF22B5}.Release|x86.Build.0 = Release|Any CPU
		{008C5438-917D-4050-9267-3A3D22E13303}.Debug|Any CPU.ActiveCfg = Debug|Any CPU
		{008C5438-917D-4050-9267-3A3D22E13303}.Debug|Any CPU.Build.0 = Debug|Any CPU
		{008C5438-917D-4050-9267-3A3D22E13303}.Debug|x64.ActiveCfg = Debug|Any CPU
		{008C5438-917D-4050-9267-3A3D22E13303}.Debug|x64.Build.0 = Debug|Any CPU
		{008C5438-917D-4050-9267-3A3D22E13303}.Debug|x86.ActiveCfg = Debug|Any CPU
		{008C5438-917D-4050-9267-3A3D22E13303}.Debug|x86.Build.0 = Debug|Any CPU
		{008C5438-917D-4050-9267-3A3D22E13303}.Release|Any CPU.ActiveCfg = Release|Any CPU
		{008C5438-917D-4050-9267-3A3D22E13303}.Release|Any CPU.Build.0 = Release|Any CPU
		{008C5438-917D-4050-9267-3A3D22E13303}.Release|x64.ActiveCfg = Release|Any CPU
		{008C5438-917D-4050-9267-3A3D22E13303}.Release|x64.Build.0 = Release|Any CPU
		{008C5438-917D-4050-9267-3A3D22E13303}.Release|x86.ActiveCfg = Release|Any CPU
		{008C5438-917D-4050-9267-3A3D22E13303}.Release|x86.Build.0 = Release|Any CPU
		{A68EB6DA-12D3-4930-B530-C5A1FB2CD0E3}.Debug|Any CPU.ActiveCfg = Debug|Any CPU
		{A68EB6DA-12D3-4930-B530-C5A1FB2CD0E3}.Debug|Any CPU.Build.0 = Debug|Any CPU
		{A68EB6DA-12D3-4930-B530-C5A1FB2CD0E3}.Debug|x64.ActiveCfg = Debug|Any CPU
		{A68EB6DA-12D3-4930-B530-C5A1FB2CD0E3}.Debug|x64.Build.0 = Debug|Any CPU
		{A68EB6DA-12D3-4930-B530-C5A1FB2CD0E3}.Debug|x86.ActiveCfg = Debug|Any CPU
		{A68EB6DA-12D3-4930-B530-C5A1FB2CD0E3}.Debug|x86.Build.0 = Debug|Any CPU
		{A68EB6DA-12D3-4930-B530-C5A1FB2CD0E3}.Release|Any CPU.ActiveCfg = Release|Any CPU
		{A68EB6DA-12D3-4930-B530-C5A1FB2CD0E3}.Release|Any CPU.Build.0 = Release|Any CPU
		{A68EB6DA-12D3-4930-B530-C5A1FB2CD0E3}.Release|x64.ActiveCfg = Release|Any CPU
		{A68EB6DA-12D3-4930-B530-C5A1FB2CD0E3}.Release|x64.Build.0 = Release|Any CPU
		{A68EB6DA-12D3-4930-B530-C5A1FB2CD0E3}.Release|x86.ActiveCfg = Release|Any CPU
		{A68EB6DA-12D3-4930-B530-C5A1FB2CD0E3}.Release|x86.Build.0 = Release|Any CPU
		{E2ED57DB-8388-4296-AF57-FB3133474DFF}.Debug|Any CPU.ActiveCfg = Debug|Any CPU
		{E2ED57DB-8388-4296-AF57-FB3133474DFF}.Debug|Any CPU.Build.0 = Debug|Any CPU
		{E2ED57DB-8388-4296-AF57-FB3133474DFF}.Debug|x64.ActiveCfg = Debug|Any CPU
		{E2ED57DB-8388-4296-AF57-FB3133474DFF}.Debug|x64.Build.0 = Debug|Any CPU
		{E2ED57DB-8388-4296-AF57-FB3133474DFF}.Debug|x86.ActiveCfg = Debug|Any CPU
		{E2ED57DB-8388-4296-AF57-FB3133474DFF}.Debug|x86.Build.0 = Debug|Any CPU
		{E2ED57DB-8388-4296-AF57-FB3133474DFF}.Release|Any CPU.ActiveCfg = Release|Any CPU
		{E2ED57DB-8388-4296-AF57-FB3133474DFF}.Release|Any CPU.Build.0 = Release|Any CPU
		{E2ED57DB-8388-4296-AF57-FB3133474DFF}.Release|x64.ActiveCfg = Release|Any CPU
		{E2ED57DB-8388-4296-AF57-FB3133474DFF}.Release|x64.Build.0 = Release|Any CPU
		{E2ED57DB-8388-4296-AF57-FB3133474DFF}.Release|x86.ActiveCfg = Release|Any CPU
		{E2ED57DB-8388-4296-AF57-FB3133474DFF}.Release|x86.Build.0 = Release|Any CPU
		{79BE1D2B-3924-44AE-B1DA-1A970DCC0F95}.Debug|Any CPU.ActiveCfg = Debug|Any CPU
		{79BE1D2B-3924-44AE-B1DA-1A970DCC0F95}.Debug|Any CPU.Build.0 = Debug|Any CPU
		{79BE1D2B-3924-44AE-B1DA-1A970DCC0F95}.Debug|x64.ActiveCfg = Debug|Any CPU
		{79BE1D2B-3924-44AE-B1DA-1A970DCC0F95}.Debug|x64.Build.0 = Debug|Any CPU
		{79BE1D2B-3924-44AE-B1DA-1A970DCC0F95}.Debug|x86.ActiveCfg = Debug|Any CPU
		{79BE1D2B-3924-44AE-B1DA-1A970DCC0F95}.Debug|x86.Build.0 = Debug|Any CPU
		{79BE1D2B-3924-44AE-B1DA-1A970DCC0F95}.Release|Any CPU.ActiveCfg = Release|Any CPU
		{79BE1D2B-3924-44AE-B1DA-1A970DCC0F95}.Release|Any CPU.Build.0 = Release|Any CPU
		{79BE1D2B-3924-44AE-B1DA-1A970DCC0F95}.Release|x64.ActiveCfg = Release|Any CPU
		{79BE1D2B-3924-44AE-B1DA-1A970DCC0F95}.Release|x64.Build.0 = Release|Any CPU
		{79BE1D2B-3924-44AE-B1DA-1A970DCC0F95}.Release|x86.ActiveCfg = Release|Any CPU
		{79BE1D2B-3924-44AE-B1DA-1A970DCC0F95}.Release|x86.Build.0 = Release|Any CPU
		{2585F3E6-FBB6-4D54-B16F-C794029FB217}.Debug|Any CPU.ActiveCfg = Debug|Any CPU
		{2585F3E6-FBB6-4D54-B16F-C794029FB217}.Debug|Any CPU.Build.0 = Debug|Any CPU
		{2585F3E6-FBB6-4D54-B16F-C794029FB217}.Debug|x64.ActiveCfg = Debug|Any CPU
		{2585F3E6-FBB6-4D54-B16F-C794029FB217}.Debug|x64.Build.0 = Debug|Any CPU
		{2585F3E6-FBB6-4D54-B16F-C794029FB217}.Debug|x86.ActiveCfg = Debug|Any CPU
		{2585F3E6-FBB6-4D54-B16F-C794029FB217}.Debug|x86.Build.0 = Debug|Any CPU
		{2585F3E6-FBB6-4D54-B16F-C794029FB217}.Release|Any CPU.ActiveCfg = Release|Any CPU
		{2585F3E6-FBB6-4D54-B16F-C794029FB217}.Release|Any CPU.Build.0 = Release|Any CPU
		{2585F3E6-FBB6-4D54-B16F-C794029FB217}.Release|x64.ActiveCfg = Release|Any CPU
		{2585F3E6-FBB6-4D54-B16F-C794029FB217}.Release|x64.Build.0 = Release|Any CPU
		{2585F3E6-FBB6-4D54-B16F-C794029FB217}.Release|x86.ActiveCfg = Release|Any CPU
		{2585F3E6-FBB6-4D54-B16F-C794029FB217}.Release|x86.Build.0 = Release|Any CPU
	EndGlobalSection
	GlobalSection(SolutionProperties) = preSolution
		HideSolutionNode = FALSE
	EndGlobalSection
	GlobalSection(ExtensibilityGlobals) = postSolution
		SolutionGuid = {52E54121-C474-48AB-B982-62BC165980A7}
	EndGlobalSection
EndGlobal
